<Solution>
  <Folder Name="/benchmarks/">
    <Project Path="benchmarks/Maui.TUI.Benchmarks/Maui.TUI.Benchmarks.csproj" />
  </Folder>
  <Folder Name="/samples/">
    <Project Path="samples/Maui.TUI.Sample/Maui.TUI.Sample.csproj" />
  </Folder>
  <Folder Name="/src/">
    <Project Path="src/Maui.TUI/Maui.TUI.csproj" />
  </Folder>
  <Folder Name="/tests/">
    <Project Path="tests/Maui.TUI.Animation.Tests/Maui.TUI.Animation.Tests.csproj" />
  </Folder>
</Solution>